
Microsoft Visual Studio Solution File, Format Version 12.00
# Visual Studio Version 17
VisualStudioVersion = 17.6.33815.320
MinimumVisualStudioVersion = 10.0.40219.1
Project("{FAE04EC0-301F-11D3-BF4B-00C04F79EFBC}") = "Server", "Server.csproj", "{A3C16F57-BDE1-4398-90FC-D22ACB6968C6}"
EndProject
Global
	GlobalSection(SolutionConfigurationPlatforms) = preSolution
		Debug|Any CPU = Debug|Any CPU
		Release|Any CPU = Release|Any CPU
	EndGlobalSection
	GlobalSection(ProjectConfigurationPlatforms) = postSolution
		{A3C16F57-BDE1-4398-90FC-D22ACB6968C6}.Debug|Any CPU.ActiveCfg = Debug|Any CPU
		{A3C16F57-BDE1-4398-90FC-D22ACB6968C6}.Debug|Any CPU.Build.0 = Debug|Any CPU
		{A3C16F57-BDE1-4398-90FC-D22ACB6968C6}.Release|Any CPU.ActiveCfg = Release|Any CPU
		{A3C16F57-BDE1-4398-90FC-D22ACB6968C6}.Release|Any CPU.Build.0 = Release|Any CPU
	EndGlobalSection
	GlobalSection(SolutionProperties) = preSolution
		HideSolutionNode = FALSE
	EndGlobalSection
	GlobalSection(ExtensibilityGlobals) = postSolution
		SolutionGuid = {3D6ACB93-B31B-423C-84AF-7C1FD55765DD}
	EndGlobalSection
EndGlobal
